
Microsoft Visual Studio Solution File, Format Version 12.00
# Visual Studio 15
VisualStudioVersion = 15.0.28010.2050
MinimumVisualStudioVersion = 10.0.40219.1
Project("{9A19103F-16F7-4668-BE54-9A1E7A4F7556}") = "DataTransferLib", "DataTransferLib\DataTransferLib.csproj", "{03C90C6C-6EBF-432C-967E-C9B57D0C1DE7}"
EndProject
Project("{FAE04EC0-301F-11D3-BF4B-00C04F79EFBC}") = "TSModelGenConsole", "TSModelGenConsole\TSModelGenConsole.csproj", "{52D93A2B-DC4F-4256-B071-B7200012B04E}"
EndProject
Global
	GlobalSection(SolutionConfigurationPlatforms) = preSolution
		Debug|Any CPU = Debug|Any CPU
		Release|Any CPU = Release|Any CPU
	EndGlobalSection
	GlobalSection(ProjectConfigurationPlatforms) = postSolution
		{03C90C6C-6EBF-432C-967E-C9B57D0C1DE7}.Debug|Any CPU.ActiveCfg = Debug|Any CPU
		{03C90C6C-6EBF-432C-967E-C9B57D0C1DE7}.Debug|Any CPU.Build.0 = Debug|Any CPU
		{03C90C6C-6EBF-432C-967E-C9B57D0C1DE7}.Release|Any CPU.ActiveCfg = Release|Any CPU
		{03C90C6C-6EBF-432C-967E-C9B57D0C1DE7}.Release|Any CPU.Build.0 = Release|Any CPU
		{52D93A2B-DC4F-4256-B071-B7200012B04E}.Debug|Any CPU.ActiveCfg = Debug|Any CPU
		{52D93A2B-DC4F-4256-B071-B7200012B04E}.Debug|Any CPU.Build.0 = Debug|Any CPU
		{52D93A2B-DC4F-4256-B071-B7200012B04E}.Release|Any CPU.ActiveCfg = Release|Any CPU
		{52D93A2B-DC4F-4256-B071-B7200012B04E}.Release|Any CPU.Build.0 = Release|Any CPU
	EndGlobalSection
	GlobalSection(SolutionProperties) = preSolution
		HideSolutionNode = FALSE
	EndGlobalSection
	GlobalSection(ExtensibilityGlobals) = postSolution
		SolutionGuid = {8D113968-6A9F-4D6A-ACB0-60A5AFC97F9E}
	EndGlobalSection
EndGlobal
